
Microsoft Visual Studio Solution File, Format Version 12.00
# Visual Studio Version 16
VisualStudioVersion = 16.0.30907.101
MinimumVisualStudioVersion = 10.0.40219.1
Project("{FAE04EC0-301F-11D3-BF4B-00C04F79EFBC}") = "Assignment3", "Assignment3.csproj", "{79079741-8F60-4917-A909-A72152093FD3}"
EndProject
Global
	GlobalSection(SolutionConfigurationPlatforms) = preSolution
		Debug|Any CPU = Debug|Any CPU
		Release|Any CPU = Release|Any CPU
	EndGlobalSection
	GlobalSection(ProjectConfigurationPlatforms) = postSolution
		{79079741-8F60-4917-A909-A72152093FD3}.Debug|Any CPU.ActiveCfg = Debug|Any CPU
		{79079741-8F60-4917-A909-A72152093FD3}.Debug|Any CPU.Build.0 = Debug|Any CPU
		{79079741-8F60-4917-A909-A72152093FD3}.Release|Any CPU.ActiveCfg = Release|Any CPU
		{79079741-8F60-4917-A909-A72152093FD3}.Release|Any CPU.Build.0 = Release|Any CPU
	EndGlobalSection
	GlobalSection(SolutionProperties) = preSolution
		HideSolutionNode = FALSE
	EndGlobalSection
	GlobalSection(ExtensibilityGlobals) = postSolution
		SolutionGuid = {1E3F74E2-64E2-44F1-899E-46D2BAF802D8}
	EndGlobalSection
EndGlobal
